
Microsoft Visual Studio Solution File, Format Version 12.00
# Visual Studio Version 17
VisualStudioVersion = 17.7.34018.315
MinimumVisualStudioVersion = 10.0.40219.1
Project("{FAE04EC0-301F-11D3-BF4B-00C04F79EFBC}") = "PDC06Module02.Android", "PDC06Module02\PDC06Module02.Android\PDC06Module02.Android.csproj", "{6A2DA0B9-0D92-4592-890F-89BA77CA38D8}"
EndProject
Project("{FAE04EC0-301F-11D3-BF4B-00C04F79EFBC}") = "PDC06Module02", "PDC06Module02\PDC06Module02\PDC06Module02.csproj", "{59BCD55A-5796-4389-B2C7-CF1EFB4F117F}"
EndProject
Global
	GlobalSection(SolutionConfigurationPlatforms) = preSolution
		Debug|Any CPU = Debug|Any CPU
		Release|Any CPU = Release|Any CPU
	EndGlobalSection
	GlobalSection(ProjectConfigurationPlatforms) = postSolution
		{6A2DA0B9-0D92-4592-890F-89BA77CA38D8}.Debug|Any CPU.ActiveCfg = Debug|Any CPU
		{6A2DA0B9-0D92-4592-890F-89BA77CA38D8}.Debug|Any CPU.Build.0 = Debug|Any CPU
		{6A2DA0B9-0D92-4592-890F-89BA77CA38D8}.Debug|Any CPU.Deploy.0 = Debug|Any CPU
		{6A2DA0B9-0D92-4592-890F-89BA77CA38D8}.Release|Any CPU.ActiveCfg = Release|Any CPU
		{6A2DA0B9-0D92-4592-890F-89BA77CA38D8}.Release|Any CPU.Build.0 = Release|Any CPU
		{6A2DA0B9-0D92-4592-890F-89BA77CA38D8}.Release|Any CPU.Deploy.0 = Release|Any CPU
		{59BCD55A-5796-4389-B2C7-CF1EFB4F117F}.Debug|Any CPU.ActiveCfg = Debug|Any CPU
		{59BCD55A-5796-4389-B2C7-CF1EFB4F117F}.Debug|Any CPU.Build.0 = Debug|Any CPU
		{59BCD55A-5796-4389-B2C7-CF1EFB4F117F}.Debug|Any CPU.Deploy.0 = Debug|Any CPU
		{59BCD55A-5796-4389-B2C7-CF1EFB4F117F}.Release|Any CPU.ActiveCfg = Release|Any CPU
		{59BCD55A-5796-4389-B2C7-CF1EFB4F117F}.Release|Any CPU.Build.0 = Release|Any CPU
		{59BCD55A-5796-4389-B2C7-CF1EFB4F117F}.Release|Any CPU.Deploy.0 = Release|Any CPU
	EndGlobalSection
	GlobalSection(SolutionProperties) = preSolution
		HideSolutionNode = FALSE
	EndGlobalSection
	GlobalSection(ExtensibilityGlobals) = postSolution
		SolutionGuid = {AE2B769E-6D2E-49C5-A664-BBAEFC78C3BB}
	EndGlobalSection
EndGlobal
